// !$*UTF8*$!
{
	archiveVersion = 1;
	classes = {
	};
	objectVersion = 46;
	objects = {

/* Begin PBXBuildFile section */
		9CD13FAF1AB8A19500034C6D /* AppDelegate.swift in Sources */ = {isa = PBXBuildFile; fileRef = 9CD13FAE1AB8A19500034C6D /* AppDelegate.swift */; };
		9CD13FB11AB8A19500034C6D /* Images.xcassets in Resources */ = {isa = PBXBuildFile; fileRef = 9CD13FB01AB8A19500034C6D /* Images.xcassets */; };
		9CD13FB41AB8A19500034C6D /* MainMenu.xib in Resources */ = {isa = PBXBuildFile; fileRef = 9CD13FB21AB8A19500034C6D /* MainMenu.xib */; };
		9CD13FC01AB8A19500034C6D /* InboxTests.swift in Sources */ = {isa = PBXBuildFile; fileRef = 9CD13FBF1AB8A19500034C6D /* InboxTests.swift */; };
		E76F037C1ABB9B6700E48B75 /* InboxWebView.m in Sources */ = {isa = PBXBuildFile; fileRef = E76F037B1ABB9B6700E48B75 /* InboxWebView.m */; };
		E775F4EA1AB8A41E00DD7A28 /* InboxViewController.swift in Sources */ = {isa = PBXBuildFile; fileRef = E775F4E91AB8A41E00DD7A28 /* InboxViewController.swift */; };
/* End PBXBuildFile section */

/* Begin PBXContainerItemProxy section */
		9CD13FBA1AB8A19500034C6D /* PBXContainerItemProxy */ = {
			isa = PBXContainerItemProxy;
			containerPortal = 9CD13FA11AB8A19500034C6D /* Project object */;
			proxyType = 1;
			remoteGlobalIDString = 9CD13FA81AB8A19500034C6D;
			remoteInfo = Inbox;
		};
/* End PBXContainerItemProxy section */

/* Begin PBXFileReference section */
		9CD13FA91AB8A19500034C6D /* Inbox.app */ = {isa = PBXFileReference; explicitFileType = wrapper.application; includeInIndex = 0; path = Inbox.app; sourceTree = BUILT_PRODUCTS_DIR; };
		9CD13FAD1AB8A19500034C6D /* Info.plist */ = {isa = PBXFileReference; lastKnownFileType = text.plist.xml; path = Info.plist; sourceTree = "<group>"; };
		9CD13FAE1AB8A19500034C6D /* AppDelegate.swift */ = {isa = PBXFileReference; lastKnownFileType = sourcecode.swift; path = AppDelegate.swift; sourceTree = "<group>"; };
		9CD13FB01AB8A19500034C6D /* Images.xcassets */ = {isa = PBXFileReference; lastKnownFileType = folder.assetcatalog; path = Images.xcassets; sourceTree = "<group>"; };
		9CD13FB31AB8A19500034C6D /* Base */ = {isa = PBXFileReference; lastKnownFileType = file.xib; name = Base; path = Base.lproj/MainMenu.xib; sourceTree = "<group>"; };
		9CD13FB91AB8A19500034C6D /* InboxTests.xctest */ = {isa = PBXFileReference; explicitFileType = wrapper.cfbundle; includeInIndex = 0; path = InboxTests.xctest; sourceTree = BUILT_PRODUCTS_DIR; };
		9CD13FBE1AB8A19500034C6D /* Info.plist */ = {isa = PBXFileReference; lastKnownFileType = text.plist.xml; path = Info.plist; sourceTree = "<group>"; };
		9CD13FBF1AB8A19500034C6D /* InboxTests.swift */ = {isa = PBXFileReference; lastKnownFileType = sourcecode.swift; path = InboxTests.swift; sourceTree = "<group>"; };
		E76F03791ABB9B6600E48B75 /* Inbox-Bridging-Header.h */ = {isa = PBXFileReference; lastKnownFileType = sourcecode.c.h; path = "Inbox-Bridging-Header.h"; sourceTree = "<group>"; };
		E76F037A1ABB9B6700E48B75 /* InboxWebView.h */ = {isa = PBXFileReference; fileEncoding = 4; lastKnownFileType = sourcecode.c.h; path = InboxWebView.h; sourceTree = "<group>"; };
		E76F037B1ABB9B6700E48B75 /* InboxWebView.m */ = {isa = PBXFileReference; fileEncoding = 4; lastKnownFileType = sourcecode.c.objc; path = InboxWebView.m; sourceTree = "<group>"; };
		E775F4E91AB8A41E00DD7A28 /* InboxViewController.swift */ = {isa = PBXFileReference; fileEncoding = 4; lastKnownFileType = sourcecode.swift; path = InboxViewController.swift; sourceTree = "<group>"; };
/* End PBXFileReference section */

/* Begin PBXFrameworksBuildPhase section */
		9CD13FA61AB8A19500034C6D /* Frameworks */ = {
			isa = PBXFrameworksBuildPhase;
			buildActionMask = 2147483647;
			files = (
			);
			runOnlyForDeploymentPostprocessing = 0;
		};
		9CD13FB61AB8A19500034C6D /* Frameworks */ = {
			isa = PBXFrameworksBuildPhase;
			buildActionMask = 2147483647;
			files = (
			);
			runOnlyForDeploymentPostprocessing = 0;
		};
/* End PBXFrameworksBuildPhase section */

/* Begin PBXGroup section */
		9CD13FA01AB8A19500034C6D = {
			isa = PBXGroup;
			children = (
				9CD13FAB1AB8A19500034C6D /* Inbox */,
				9CD13FBC1AB8A19500034C6D /* InboxTests */,
				9CD13FAA1AB8A19500034C6D /* Products */,
			);
			sourceTree = "<group>";
		};
		9CD13FAA1AB8A19500034C6D /* Products */ = {
			isa = PBXGroup;
			children = (
				9CD13FA91AB8A19500034C6D /* Inbox.app */,
				9CD13FB91AB8A19500034C6D /* InboxTests.xctest */,
			);
			name = Products;
			sourceTree = "<group>";
		};
		9CD13FAB1AB8A19500034C6D /* Inbox */ = {
			isa = PBXGroup;
			children = (
				9CD13FAE1AB8A19500034C6D /* AppDelegate.swift */,
				E775F4E91AB8A41E00DD7A28 /* InboxViewController.swift */,
				E76F037A1ABB9B6700E48B75 /* InboxWebView.h */,
				E76F037B1ABB9B6700E48B75 /* InboxWebView.m */,
				E76F03791ABB9B6600E48B75 /* Inbox-Bridging-Header.h */,
				9CD13FB01AB8A19500034C6D /* Images.xcassets */,
				9CD13FB21AB8A19500034C6D /* MainMenu.xib */,
				9CD13FAC1AB8A19500034C6D /* Supporting Files */,
			);
			path = Inbox;
			sourceTree = "<group>";
		};
		9CD13FAC1AB8A19500034C6D /* Supporting Files */ = {
			isa = PBXGroup;
			children = (
				9CD13FAD1AB8A19500034C6D /* Info.plist */,
			);
			name = "Supporting Files";
			sourceTree = "<group>";
		};
		9CD13FBC1AB8A19500034C6D /* InboxTests */ = {
			isa = PBXGroup;
			children = (
				9CD13FBF1AB8A19500034C6D /* InboxTests.swift */,
				9CD13FBD1AB8A19500034C6D /* Supporting Files */,
			);
			path = InboxTests;
			sourceTree = "<group>";
		};
		9CD13FBD1AB8A19500034C6D /* Supporting Files */ = {
			isa = PBXGroup;
			children = (
				9CD13FBE1AB8A19500034C6D /* Info.plist */,
			);
			name = "Supporting Files";
			sourceTree = "<group>";
		};
/* End PBXGroup section */

/* Begin PBXNativeTarget section */
		9CD13FA81AB8A19500034C6D /* Inbox */ = {
			isa = PBXNativeTarget;
			buildConfigurationList = 9CD13FC31AB8A19500034C6D /* Build configuration list for PBXNativeTarget "Inbox" */;
			buildPhases = (
				9CD13FA51AB8A19500034C6D /* Sources */,
				9CD13FA61AB8A19500034C6D /* Frameworks */,
				9CD13FA71AB8A19500034C6D /* Resources */,
			);
			buildRules = (
			);
			dependencies = (
			);
			name = Inbox;
			productName = Inbox;
			productReference = 9CD13FA91AB8A19500034C6D /* Inbox.app */;
			productType = "com.apple.product-type.application";
		};
		9CD13FB81AB8A19500034C6D /* InboxTests */ = {
			isa = PBXNativeTarget;
			buildConfigurationList = 9CD13FC61AB8A19500034C6D /* Build configuration list for PBXNativeTarget "InboxTests" */;
			buildPhases = (
				9CD13FB51AB8A19500034C6D /* Sources */,
				9CD13FB61AB8A19500034C6D /* Frameworks */,
				9CD13FB71AB8A19500034C6D /* Resources */,
			);
			buildRules = (
			);
			dependencies = (
				9CD13FBB1AB8A19500034C6D /* PBXTargetDependency */,
			);
			name = InboxTests;
			productName = InboxTests;
			productReference = 9CD13FB91AB8A19500034C6D /* InboxTests.xctest */;
			productType = "com.apple.product-type.bundle.unit-test";
		};
/* End PBXNativeTarget section */

/* Begin PBXProject section */
		9CD13FA11AB8A19500034C6D /* Project object */ = {
			isa = PBXProject;
			attributes = {
				LastUpgradeCheck = 0620;
				ORGANIZATIONNAME = "Marcelo Marfil";
				TargetAttributes = {
					9CD13FA81AB8A19500034C6D = {
						CreatedOnToolsVersion = 6.2;
						DevelopmentTeam = SR7K2S8GE4;
					};
					9CD13FB81AB8A19500034C6D = {
						CreatedOnToolsVersion = 6.2;
						TestTargetID = 9CD13FA81AB8A19500034C6D;
					};
				};
			};
			buildConfigurationList = 9CD13FA41AB8A19500034C6D /* Build configuration list for PBXProject "Inbox" */;
			compatibilityVersion = "Xcode 3.2";
			developmentRegion = English;
			hasScannedForEncodings = 0;
			knownRegions = (
				en,
				Base,
			);
			mainGroup = 9CD13FA01AB8A19500034C6D;
			productRefGroup = 9CD13FAA1AB8A19500034C6D /* Products */;
			projectDirPath = "";
			projectRoot = "";
			targets = (
				9CD13FA81AB8A19500034C6D /* Inbox */,
				9CD13FB81AB8A19500034C6D /* InboxTests */,
			);
		};
/* End PBXProject section */

/* Begin PBXResourcesBuildPhase section */
		9CD13FA71AB8A19500034C6D /* Resources */ = {
			isa = PBXResourcesBuildPhase;
			buildActionMask = 2147483647;
			files = (
				9CD13FB11AB8A19500034C6D /* Images.xcassets in Resources */,
				9CD13FB41AB8A19500034C6D /* MainMenu.xib in Resources */,
			);
			runOnlyForDeploymentPostprocessing = 0;
		};
		9CD13FB71AB8A19500034C6D /* Resources */ = {
			isa = PBXResourcesBuildPhase;
			buildActionMask = 2147483647;
			files = (
			);
			runOnlyForDeploymentPostprocessing = 0;
		};
/* End PBXResourcesBuildPhase section */

/* Begin PBXSourcesBuildPhase section */
		9CD13FA51AB8A19500034C6D /* Sources */ = {
			isa = PBXSourcesBuildPhase;
			buildActionMask = 2147483647;
			files = (
				E76F037C1ABB9B6700E48B75 /* InboxWebView.m in Sources */,
				9CD13FAF1AB8A19500034C6D /* AppDelegate.swift in Sources */,
				E775F4EA1AB8A41E00DD7A28 /* InboxViewController.swift in Sources */,
			);
			runOnlyForDeploymentPostprocessing = 0;
		};
		9CD13FB51AB8A19500034C6D /* Sources */ = {
			isa = PBXSourcesBuildPhase;
			buildActionMask = 2147483647;
			files = (
				9CD13FC01AB8A19500034C6D /* InboxTests.swift in Sources */,
			);
			runOnlyForDeploymentPostprocessing = 0;
		};
/* End PBXSourcesBuildPhase section */

/* Begin PBXTargetDependency section */
		9CD13FBB1AB8A19500034C6D /* PBXTargetDependency */ = {
			isa = PBXTargetDependency;
			target = 9CD13FA81AB8A19500034C6D /* Inbox */;
			targetProxy = 9CD13FBA1AB8A19500034C6D /* PBXContainerItemProxy */;
		};
/* End PBXTargetDependency section */

/* Begin PBXVariantGroup section */
		9CD13FB21AB8A19500034C6D /* MainMenu.xib */ = {
			isa = PBXVariantGroup;
			children = (
				9CD13FB31AB8A19500034C6D /* Base */,
			);
			name = MainMenu.xib;
			sourceTree = "<group>";
		};
/* End PBXVariantGroup section */

/* Begin XCBuildConfiguration section */
		9CD13FC11AB8A19500034C6D /* Debug */ = {
			isa = XCBuildConfiguration;
			buildSettings = {
				ALWAYS_SEARCH_USER_PATHS = NO;
				CLANG_CXX_LANGUAGE_STANDARD = "gnu++0x";
				CLANG_CXX_LIBRARY = "libc++";
				CLANG_ENABLE_MODULES = YES;
				CLANG_ENABLE_OBJC_ARC = YES;
				CLANG_WARN_BOOL_CONVERSION = YES;
				CLANG_WARN_CONSTANT_CONVERSION = YES;
				CLANG_WARN_DIRECT_OBJC_ISA_USAGE = YES_ERROR;
				CLANG_WARN_EMPTY_BODY = YES;
				CLANG_WARN_ENUM_CONVERSION = YES;
				CLANG_WARN_INT_CONVERSION = YES;
				CLANG_WARN_OBJC_ROOT_CLASS = YES_ERROR;
				CLANG_WARN_UNREACHABLE_CODE = YES;
				CLANG_WARN__DUPLICATE_METHOD_MATCH = YES;
				CODE_SIGN_IDENTITY = "-";
				COPY_PHASE_STRIP = NO;
				ENABLE_STRICT_OBJC_MSGSEND = YES;
				GCC_C_LANGUAGE_STANDARD = gnu99;
				GCC_DYNAMIC_NO_PIC = NO;
				GCC_OPTIMIZATION_LEVEL = 0;
				GCC_PREPROCESSOR_DEFINITIONS = (
					"DEBUG=1",
					"$(inherited)",
				);
				GCC_SYMBOLS_PRIVATE_EXTERN = NO;
				GCC_WARN_64_TO_32_BIT_CONVERSION = YES;
				GCC_WARN_ABOUT_RETURN_TYPE = YES_ERROR;
				GCC_WARN_UNDECLARED_SELECTOR = YES;
				GCC_WARN_UNINITIALIZED_AUTOS = YES_AGGRESSIVE;
				GCC_WARN_UNUSED_FUNCTION = YES;
				GCC_WARN_UNUSED_VARIABLE = YES;
				MACOSX_DEPLOYMENT_TARGET = 10.10;
				MTL_ENABLE_DEBUG_INFO = YES;
				ONLY_ACTIVE_ARCH = YES;
				SDKROOT = macosx;
				SWIFT_OPTIMIZATION_LEVEL = "-Onone";
			};
			name = Debug;
		};
		9CD13FC21AB8A19500034C6D /* Release */ = {
			isa = XCBuildConfiguration;
			buildSettings = {
				ALWAYS_SEARCH_USER_PATHS = NO;
				CLANG_CXX_LANGUAGE_STANDARD = "gnu++0x";
				CLANG_CXX_LIBRARY = "libc++";
				CLANG_ENABLE_MODULES = YES;
				CLANG_ENABLE_OBJC_ARC = YES;
				CLANG_WARN_BOOL_CONVERSION = YES;
				CLANG_WARN_CONSTANT_CONVERSION = YES;
				CLANG_WARN_DIRECT_OBJC_ISA_USAGE = YES_ERROR;
				CLANG_WARN_EMPTY_BODY = YES;
				CLANG_WARN_ENUM_CONVERSION = YES;
				CLANG_WARN_INT_CONVERSION = YES;
				CLANG_WARN_OBJC_ROOT_CLASS = YES_ERROR;
				CLANG_WARN_UNREACHABLE_CODE = YES;
				CLANG_WARN__DUPLICATE_METHOD_MATCH = YES;
				CODE_SIGN_IDENTITY = "-";
				COPY_PHASE_STRIP = NO;
				DEBUG_INFORMATION_FORMAT = "dwarf-with-dsym";
				ENABLE_NS_ASSERTIONS = NO;
				ENABLE_STRICT_OBJC_MSGSEND = YES;
				GCC_C_LANGUAGE_STANDARD = gnu99;
				GCC_WARN_64_TO_32_BIT_CONVERSION = YES;
				GCC_WARN_ABOUT_RETURN_TYPE = YES_ERROR;
				GCC_WARN_UNDECLARED_SELECTOR = YES;
				GCC_WARN_UNINITIALIZED_AUTOS = YES_AGGRESSIVE;
				GCC_WARN_UNUSED_FUNCTION = YES;
				GCC_WARN_UNUSED_VARIABLE = YES;
				MACOSX_DEPLOYMENT_TARGET = 10.10;
				MTL_ENABLE_DEBUG_INFO = NO;
				SDKROOT = macosx;
			};
			name = Release;
		};
		9CD13FC41AB8A19500034C6D /* Debug */ = {
			isa = XCBuildConfiguration;
			buildSettings = {
				ASSETCATALOG_COMPILER_APPICON_NAME = AppIcon;
				CLANG_ENABLE_MODULES = YES;
				COMBINE_HIDPI_IMAGES = YES;
				INFOPLIST_FILE = Inbox/Info.plist;
				LD_RUNPATH_SEARCH_PATHS = "$(inherited) @executable_path/../Frameworks";
				MACOSX_DEPLOYMENT_TARGET = 10.10;
				PRODUCT_NAME = "$(TARGET_NAME)";
				SWIFT_OBJC_BRIDGING_HEADER = "Inbox/Inbox-Bridging-Header.h";
				SWIFT_OPTIMIZATION_LEVEL = "-Onone";
			};
			name = Debug;
		};
		9CD13FC51AB8A19500034C6D /* Release */ = {
			isa = XCBuildConfiguration;
			buildSettings = {
				ASSETCATALOG_COMPILER_APPICON_NAME = AppIcon;
				CLANG_ENABLE_MODULES = YES;
				COMBINE_HIDPI_IMAGES = YES;
				INFOPLIST_FILE = Inbox/Info.plist;
				LD_RUNPATH_SEARCH_PATHS = "$(inherited) @executable_path/../Frameworks";
				MACOSX_DEPLOYMENT_TARGET = 10.10;
				ONLY_ACTIVE_ARCH = YES;
				PRODUCT_NAME = "$(TARGET_NAME)";
				SWIFT_OBJC_BRIDGING_HEADER = "Inbox/Inbox-Bridging-Header.h";
			};
			name = Release;
		};
		9CD13FC71AB8A19500034C6D /* Debug */ = {
			isa = XCBuildConfiguration;
			buildSettings = {
				BUNDLE_LOADER = "$(TEST_HOST)";
				COMBINE_HIDPI_IMAGES = YES;
				FRAMEWORK_SEARCH_PATHS = (
					"$(DEVELOPER_FRAMEWORKS_DIR)",
					"$(inherited)",
				);
				GCC_PREPROCESSOR_DEFINITIONS = (
					"DEBUG=1",
					"$(inherited)",
				);
				INFOPLIST_FILE = InboxTests/Info.plist;
				LD_RUNPATH_SEARCH_PATHS = "$(inherited) @executable_path/../Frameworks @loader_path/../Frameworks";
				PRODUCT_NAME = "$(TARGET_NAME)";
				TEST_HOST = "$(BUILT_PRODUCTS_DIR)/Inbox.app/Contents/MacOS/Inbox";
			};
			name = Debug;
		};
		9CD13FC81AB8A19500034C6D /* Release */ = {
			isa = XCBuildConfiguration;
			buildSettings = {
				BUNDLE_LOADER = "$(TEST_HOST)";
				COMBINE_HIDPI_IMAGES = YES;
				FRAMEWORK_SEARCH_PATHS = (
					"$(DEVELOPER_FRAMEWORKS_DIR)",
					"$(inherited)",
				);
				INFOPLIST_FILE = InboxTests/Info.plist;
				LD_RUNPATH_SEARCH_PATHS = "$(inherited) @executable_path/../Frameworks @loader_path/../Frameworks";
				PRODUCT_NAME = "$(TARGET_NAME)";
				TEST_HOST = "$(BUILT_PRODUCTS_DIR)/Inbox.app/Contents/MacOS/Inbox";
			};
			name = Release;
		};
/* End XCBuildConfiguration section */

/* Begin XCConfigurationList section */
		9CD13FA41AB8A19500034C6D /* Build configuration list for PBXProject "Inbox" */ = {
			isa = XCConfigurationList;
			buildConfigurations = (
				9CD13FC11AB8A19500034C6D /* Debug */,
				9CD13FC21AB8A19500034C6D /* Release */,
			);
			defaultConfigurationIsVisible = 0;
			defaultConfigurationName = Release;
		};
		9CD13FC31AB8A19500034C6D /* Build configuration list for PBXNativeTarget "Inbox" */ = {
			isa = XCConfigurationList;
			buildConfigurations = (
				9CD13FC41AB8A19500034C6D /* Debug */,
				9CD13FC51AB8A19500034C6D /* Release */,
			);
			defaultConfigurationIsVisible = 0;
			defaultConfigurationName = Release;
		};
		9CD13FC61AB8A19500034C6D /* Build configuration list for PBXNativeTarget "InboxTests" */ = {
			isa = XCConfigurationList;
			buildConfigurations = (
				9CD13FC71AB8A19500034C6D /* Debug */,
				9CD13FC81AB8A19500034C6D /* Release */,
			);
			defaultConfigurationIsVisible = 0;
			defaultConfigurationName = Release;
		};
/* End XCConfigurationList section */
	};
	rootObject = 9CD13FA11AB8A19500034C6D /* Project object */;
}
